version = 1
revision = 3
requires-python = ">=3.12"

[[package]]
name = "asgiref"
version = "3.12.1"
source = { registry = "https://mirrors.cloud.tencent.com/pypi/simple" }
sdist = { url = "https://mirrors.cloud.tencent.com/pypi/packages/e6/26/3b59f2bdae5f640389becb1f673cded775287f5fc4f816309d9ca9a3f93d/asgiref-3.12.1.tar.gz", hash = "sha256:59dcb51c272ad209d59bed5708a64a333083e86017d7fcdd67498eeab7784340" }
wheels = [
    { url = "https://mirrors.cloud.tencent.com/pypi/packages/c0/1b/54f4ad77cd8a584fa70746c47df988e002cf1ee1eba43364d46f87803647/asgiref-3.12.1-py3-none-any.whl", hash = "sha256:fe386d1c2bff7259ea95929266d12a8cf9a8b5a1c2598402967d8792e7a7c094" },
]

[[package]]
name = "colorama"
version = "0.4.6"
source = { registry = "https://mirrors.cloud.tencent.com/pypi/simple" }
sdist = { url = "https://mirrors.cloud.tencent.com/pypi/packages/d8/53/6f443c9a4a8358a93a6792e2acffb9d9d5cb0a5cfd8802644b7b1c9a02e4/colorama-0.4.6.tar.gz", hash = "sha256:08695f5cb7ed6e0531a20572697297273c47b8cae5a63ffc6d6ed5c201be6e44" }
wheels = [
    { url = "https://mirrors.cloud.tencent.com/pypi/packages/d1/d6/3965ed04c63042e047cb6a3e6ed1a63a35087b6a609aa3a15ed8ac56c221/colorama-0.4.6-py2.py3-none-any.whl", hash = "sha256:4f1d9991f5acc0ca119f9d443620b77f9d6b33703e51011c16baf57afb285fc6" },
]

[[package]]
name = "django"
version = "6.1"
source = { registry = "https://mirrors.cloud.tencent.com/pypi/simple" }
dependencies = [
    { name = "asgiref" },
    { name = "sqlparse" },
    { name = "tzdata", marker = "sys_platform == 'win32'" },
]
sdist = { url = "https://mirrors.cloud.tencent.com/pypi/packages/e2/42/6cb20996733984c1f6661daeda3877990836c76c633c6c8879d39f7120eb/django-6.1.tar.gz", hash = "sha256:86a2aacd59b817e4d6ac2ebfe22356c58f66f7b24e503f71b7c2fead677ee48b" }
wheels = [
    { url = "https://mirrors.cloud.tencent.com/pypi/packages/91/9c/ce847620134cfab903e75690c498af73b46abbede2912ea89bd76d5c1e76/django-6.1-py3-none-any.whl", hash = "sha256:6c132cd980c9392b06807d4ca52d72530d631dc65a85d9dacede00a780cefbbe" },
]

[[package]]
name = "django-extensions"
version = "4.1"
source = { registry = "https://mirrors.cloud.tencent.com/pypi/simple" }
dependencies = [
    { name = "django" },
]
sdist = { url = "https://mirrors.cloud.tencent.com/pypi/packages/6d/b3/ed0f54ed706ec0b54fd251cc0364a249c6cd6c6ec97f04dc34be5e929eac/django_extensions-4.1.tar.gz", hash = "sha256:7b70a4d28e9b840f44694e3f7feb54f55d495f8b3fa6c5c0e5e12bcb2aa3cdeb" }
wheels = [
    { url = "https://mirrors.cloud.tencent.com/pypi/packages/64/96/d967ca440d6a8e3861120f51985d8e5aec79b9a8bdda16041206adfe7adc/django_extensions-4.1-py3-none-any.whl", hash = "sha256:0699a7af28f2523bf8db309a80278519362cd4b6e1fd0a8cd4bf063e1e023336" },
]

[[package]]
name = "django-filter"
version = "26.1"
source = { registry = "https://mirrors.cloud.tencent.com/pypi/simple" }
dependencies = [
    { name = "django" },
]
sdist = { url = "https://mirrors.cloud.tencent.com/pypi/packages/cb/3e/563965173d4cbb5fc308087e7b3d11a115b7b67273d093622480b1e31f78/django_filter-26.1.tar.gz", hash = "sha256:66ea04031b068c77c86e1ac26ced7a3f8f13ce797f5795751707e3deefc58054" }
wheels = [
    { url = "https://mirrors.cloud.tencent.com/pypi/packages/1f/01/afffed1e3c4540fb75bf550a18b6176a9f6371b5f3e52b69a28995b6480c/django_filter-26.1-py3-none-any.whl", hash = "sha256:7d98ef2899218e6242619b532cb1b95af14e09dfcf74844aecb550ad27b59ff2" },
]

[[package]]
name = "django-stubs"
version = "6.1.0"
source = { registry = "https://mirrors.cloud.tencent.com/pypi/simple" }
dependencies = [
    { name = "django" },
    { name = "django-stubs-ext" },
    { name = "types-pyyaml" },
    { name = "typing-extensions" },
]
sdist = { url = "https://mirrors.cloud.tencent.com/pypi/packages/65/34/e9f03764b32f56c02168814385ddc6d0e49a7b3e4381e8e3f6f5f34f39ff/django_stubs-6.1.0.tar.gz", hash = "sha256:b6aecc5c738a103135f76ba160a6f75e3b27dcf0200c64d7226018cdbc2340dd" }
wheels = [
    { url = "https://mirrors.cloud.tencent.com/pypi/packages/a8/cf/064d7c48642309f3397b17ff14f3159c5225eb9321185a10039c0e846848/django_stubs-6.1.0-py3-none-any.whl", hash = "sha256:63b23ccca2616d464ed7e37d1ce44960315cb3cecab75b23c928467ef125e560" },
]

[[package]]
name = "django-stubs-ext"
version = "6.1.0"
source = { registry = "https://mirrors.cloud.tencent.com/pypi/simple" }
dependencies = [
    { name = "django" },
    { name = "typing-extensions" },
]
sdist = { url = "https://mirrors.cloud.tencent.com/pypi/packages/e6/40/75dd6650c5fc345b9edaebe42085811096e31a502fdbe17a52ffb9640d03/django_stubs_ext-6.1.0.tar.gz", hash = "sha256:d5635a481f5bdf2e04d533a8b602d3b9a28f073deffc85b83048dd20032e4d20" }
wheels = [
    { url = "https://mirrors.cloud.tencent.com/pypi/packages/ed/41/10b8d576651af4f1dc6bdfb0d8a203e8b3a55d60ae36ba305d0edcdb594f/django_stubs_ext-6.1.0-py3-none-any.whl", hash = "sha256:57273506823274700a707c8f404dfb52a12c4554daf1468dfb2bff857bb22074" },
]

[[package]]
name = "djangorestframework"
version = "3.18.0"
source = { registry = "https://mirrors.cloud.tencent.com/pypi/simple" }
dependencies = [
    { name = "django" },
]
sdist = { url = "https://mirrors.cloud.tencent.com/pypi/packages/79/bc/de04e3d4dc65e8b926700956ee70d4f084f2005603d21122d4d0683006fd/djangorestframework-3.18.0.tar.gz", hash = "sha256:2323a5111837e0b784dcb8323abc78ecc54fa2a5af7aff2677cf50cdd849477f" }
wheels = [
    { url = "https://mirrors.cloud.tencent.com/pypi/packages/51/d7/7461738e819b853275b35fd35712a85806c09a327e1fd5f8ff766bdd317e/djangorestframework-3.18.0-py3-none-any.whl", hash = "sha256:381fc44d3249c9565c5f723850855b734e99030eb30957a49f506d3fe11d7dcb" },
]

[[package]]
name = "djangorestframework-stubs"
version = "3.18.1"
source = { registry = "https://mirrors.cloud.tencent.com/pypi/simple" }
dependencies = [
    { name = "django-stubs" },
    { name = "types-pyyaml" },
    { name = "typing-extensions" },
]
sdist = { url = "https://mirrors.cloud.tencent.com/pypi/packages/6b/71/a7727b07e0433da02fb1ea22994f492ecb437a1fe7be5bf952dbb545a0f5/djangorestframework_stubs-3.18.1.tar.gz", hash = "sha256:65ed4a9ea094616759a2cba4fe0ad85efe25b471b28281b790bfefb46704c64a" }
wheels = [
    { url = "https://mirrors.cloud.tencent.com/pypi/packages/f7/1c/e266828fe2b78484651667976f8539e47b4e511a266424b890f613c6b7ad/djangorestframework_stubs-3.18.1-py3-none-any.whl", hash = "sha256:a2021f45f7759b493504c2a721f112ec4fd677753590c1ba346f4ebfb49a7f03" },
]

[[package]]
name = "et-xmlfile"
version = "2.0.0"
source = { registry = "https://mirrors.cloud.tencent.com/pypi/simple" }
sdist = { url = "https://mirrors.cloud.tencent.com/pypi/packages/d3/38/af70d7ab1ae9d4da450eeec1fa3918940a5fafb9055e934af8d6eb0c2313/et_xmlfile-2.0.0.tar.gz", hash = "sha256:dab3f4764309081ce75662649be815c4c9081e88f0837825f90fd28317d4da54" }
wheels = [
    { url = "https://mirrors.cloud.tencent.com/pypi/packages/c1/8b/5fe2cc11fee489817272089c4203e679c63b570a5aaeb18d852ae3cbba6a/et_xmlfile-2.0.0-py3-none-any.whl", hash = "sha256:7a91720bc756843502c3b7504c77b8fe44217c85c537d85037f0f536151b2caa" },
]

[[package]]
name = "gitdb"
version = "4.0.12"
source = { registry = "https://mirrors.cloud.tencent.com/pypi/simple" }
dependencies = [
    { name = "smmap" },
]
sdist = { url = "https://mirrors.cloud.tencent.com/pypi/packages/72/94/63b0fc47eb32792c7ba1fe1b694daec9a63620db1e313033d18140c2320a/gitdb-4.0.12.tar.gz", hash = "sha256:5ef71f855d191a3326fcfbc0d5da835f26b13fbcba60c32c21091c349ffdb571" }
wheels = [
    { url = "https://mirrors.cloud.tencent.com/pypi/packages/a0/61/5c78b91c3143ed5c14207f463aecfc8f9dbb5092fb2869baf37c273b2705/gitdb-4.0.12-py3-none-any.whl", hash = "sha256:67073e15955400952c6565cc3e707c554a4eea2e428946f7a4c162fab9bd9bcf" },
]

[[package]]
name = "gitpython"
version = "3.1.61"
source = { registry = "https://mirrors.cloud.tencent.com/pypi/simple" }
dependencies = [
    { name = "gitdb" },
]
sdist = { url = "https://mirrors.cloud.tencent.com/pypi/packages/6f/61/3285044215fb596bf093e39ccb96ece0a1076a8ca57a61e069a6a33cdb1b/gitpython-3.1.61.tar.gz", hash = "sha256:f51c24d8c0f733a195447385f5774a5dfe8767f5acfd7994a33755644c6ecc95" }
wheels = [
    { url = "https://mirrors.cloud.tencent.com/pypi/packages/6f/5e/49cc172da4d0578644ba37cec5cb365b1fefc603b26edea9bcac1c7f830a/gitpython-3.1.61-py3-none-any.whl", hash = "sha256:8ab28c9da863cdd9e7d7694ec46cf3e6c9a12d8a30a1acd3447aec11975d530c" },
]

[[package]]
name = "iniconfig"
version = "2.3.0"
source = { registry = "https://mirrors.cloud.tencent.com/pypi/simple" }
sdist = { url = "https://mirrors.cloud.tencent.com/pypi/packages/72/34/14ca021ce8e5dfedc35312d08ba8bf51fdd999c576889fc2c24cb97f4f10/iniconfig-2.3.0.tar.gz", hash = "sha256:c76315c77db068650d49c5b56314774a7804df16fee4402c1f19d6d15d8c4730" }
wheels = [
    { url = "https://mirrors.cloud.tencent.com/pypi/packages/cb/b1/3846dd7f199d53cb17f49cba7e651e9ce294d8497c8c150530ed11865bb8/iniconfig-2.3.0-py3-none-any.whl", hash = "sha256:f631c04d2c48c52b84d0d0549c99ff3859c98df65b3101406327ecc7d53fbf12" },
]

[[package]]
name = "network-ops"
version = "0.0.0"
source = { virtual = "." }
dependencies = [
    { name = "django" },
    { name = "django-filter" },
    { name = "djangorestframework" },
    { name = "gitpython" },
    { name = "openpyxl" },
    { name = "psycopg2-binary" },
    { name = "ttp" },
]

[package.dev-dependencies]
dev = [
    { name = "django-extensions" },
    { name = "django-stubs" },
    { name = "djangorestframework-stubs" },
    { name = "pytest" },
    { name = "ruff" },
]

[package.metadata]
requires-dist = [
    { name = "django", specifier = ">=6.1" },
    { name = "django-filter", specifier = ">=26.1" },
    { name = "djangorestframework", specifier = ">=3.18.0" },
    { name = "gitpython", specifier = ">=3.1.61" },
    { name = "openpyxl", specifier = ">=3.1.5" },
    { name = "psycopg2-binary", specifier = ">=2.9.12" },
    { name = "ttp", specifier = ">=0.10.1" },
]

[package.metadata.requires-dev]
dev = [
    { name = "django-extensions", specifier = ">=4.1" },
    { name = "django-stubs", specifier = ">=6.1.0" },
    { name = "djangorestframework-stubs", specifier = ">=3.18.1" },
    { name = "pytest", specifier = ">=9.1.1" },
    { name = "ruff", specifier = ">=0.16.5" },
]

[[package]]
name = "openpyxl"
version = "3.1.5"
source = { registry = "https://mirrors.cloud.tencent.com/pypi/simple" }
dependencies = [
    { name = "et-xmlfile" },
]
sdist = { url = "https://mirrors.cloud.tencent.com/pypi/packages/3d/f9/88d94a75de065ea32619465d2f77b29a0469500e99012523b91cc4141cd1/openpyxl-3.1.5.tar.gz", hash = "sha256:cf0e3cf56142039133628b5acffe8ef0c12bc902d2aadd3e0fe5878dc08d1050" }
wheels = [
    { url = "https://mirrors.cloud.tencent.com/pypi/packages/c0/da/977ded879c29cbd04de313843e76868e6e13408a94ed6b987245dc7c8506/openpyxl-3.1.5-py2.py3-none-any.whl", hash = "sha256:5282c12b107bffeef825f4617dc029afaf41d0ea60823bbb665ef3079dc79de2" },
]

[[package]]
name = "packaging"
version = "26.3"
source = { registry = "https://mirrors.cloud.tencent.com/pypi/simple" }
sdist = { url = "https://mirrors.cloud.tencent.com/pypi/packages/7d/fa/3944b40b07da9ce895c0e6303a5ab7d53da063554f534556b134a54d6093/packaging-26.3.tar.gz", hash = "sha256:94edc256424af38762eb31306eed28beb9f0efc50a8837492c9d6fd6004aed79" }
wheels = [
    { url = "https://mirrors.cloud.tencent.com/pypi/packages/63/34/ba1c580383c9eada3711951fef0795c80b829a078d72188184bcab9dd527/packaging-26.3-py3-none-any.whl", hash = "sha256:d7193f7c8e4e93f444fde0262bf90af30e16fa0ad0ad44cb553c87339b23cd1c" },
]

[[package]]
name = "pluggy"
version = "1.6.0"
source = { registry = "https://mirrors.cloud.tencent.com/pypi/simple" }
sdist = { url = "https://mirrors.cloud.tencent.com/pypi/packages/f9/e2/3e91f31a7d2b083fe6ef3fa267035b518369d9511ffab804f839851d2779/pluggy-1.6.0.tar.gz", hash = "sha256:7dcc130b76258d33b90f61b658791dede3486c3e6bfb003ee5c9bfb396dd22f3" }
wheels = [
    { url = "https://mirrors.cloud.tencent.com/pypi/packages/54/20/4d324d65cc6d9205fabedc306948156824eb9f0ee1633355a8f7ec5c66bf/pluggy-1.6.0-py3-none-any.whl", hash = "sha256:e920276dd6813095e9377c0bc5566d94c932c33b27a3e3945d8389c374dd4746" },
]

[[package]]
name = "psycopg2-binary"
version = "2.9.12"
source = { registry = "https://mirrors.cloud.tencent.com/pypi/simple" }
sdist = { url = "https://mirrors.cloud.tencent.com/pypi/packages/2a/60/a3624f79acea344c16fbef3a94d28b89a8042ddfb8f3e4ca83f538671409/psycopg2_binary-2.9.12.tar.gz", hash = "sha256:5ac9444edc768c02a6b6a591f070b8aae28ff3a99be57560ac996001580f294c" }
wheels = [
    { url = "https://mirrors.cloud.tencent.com/pypi/packages/e2/9f/ef4ef3c8e15083df90ca35265cfd1a081a2f0cc07bb229c6314c6af817f4/psycopg2_binary-2.9.12-cp312-cp312-macosx_10_13_x86_64.whl", hash = "sha256:5cdc05117180c5fa9c40eea8ea559ce64d73824c39d928b7da9fb5f6a9392433" },
    { url = "https://mirrors.cloud.tencent.com/pypi/packages/b5/01/3dd14e46ba48c1e1a6ec58ee599fa1b5efa00c246d5046cd903d0eeb1af1/psycopg2_binary-2.9.12-cp312-cp312-macosx_11_0_arm64.whl", hash = "sha256:d3227a3bc228c10d21011a99245edca923e4e8bf461857e869a507d9a41fe9f6" },
    { url = "https://mirrors.cloud.tencent.com/pypi/packages/a6/f7/0640e4901119d8a9f7a1784b927f494e2198e213ceb593753d1f2c8b1b30/psycopg2_binary-2.9.12-cp312-cp312-manylinux2014_ppc64le.manylinux_2_17_ppc64le.whl", hash = "sha256:995ce929eede89db6254b50827e2b7fd61e50d11f0b116b29fffe4a2e53c4580" },
    { url = "https://mirrors.cloud.tencent.com/pypi/packages/b0/55/44df3965b5f297c50cc0b1b594a31c67d6127a9d133045b8a66611b14dfb/psycopg2_binary-2.9.12-cp312-cp312-manylinux2014_x86_64.manylinux_2_17_x86_64.whl", hash = "sha256:9fe06d93e72f1c048e731a2e3e7854a5bfaa58fc736068df90b352cefe66f03f" },
    { url = "https://mirrors.cloud.tencent.com/pypi/packages/b0/4b/74535248b1eac0c9336862e8617c765ac94dac76f9e25d7c4a79588c8907/psycopg2_binary-2.9.12-cp312-cp312-manylinux_2_27_aarch64.manylinux_2_28_aarch64.whl", hash = "sha256:40e7b28b63aaf737cb3a1edc3a9bbc9a9f4ad3dcb7152e8c1130e4050eddcb7d" },
    { url = "https://mirrors.cloud.tencent.com/pypi/packages/f2/ba/f1bf8d2ae71868ad800b661099086ee52bc0f8d9f05be1acd8ebb06757cc/psycopg2_binary-2.9.12-cp312-cp312-manylinux_2_38_riscv64.manylinux_2_39_riscv64.whl", hash = "sha256:89d19a9f7899e8eb0656a2b3a08e0da04c720a06db6e0033eab5928aabe60fa9" },
    { url = "https://mirrors.cloud.tencent.com/pypi/packages/45/46/c15706c338403b7c420bcc0c2905aad116cc064545686d8bf85f1999ea00/psycopg2_binary-2.9.12-cp312-cp312-musllinux_1_2_aarch64.whl", hash = "sha256:612b965daee295ae2da8f8218ce1d274645dc76ef3f1abf6a0a94fd57eff876d" },
    { url = "https://mirrors.cloud.tencent.com/pypi/packages/b3/7c/a2d5dc09b64a4564db242a0fe418fde7d33f6f8259dd2c5b9d7def00fb5a/psycopg2_binary-2.9.12-cp312-cp312-musllinux_1_2_ppc64le.whl", hash = "sha256:b9a339b79d37c1b45f3235265f07cdeb0cb5ad7acd2ac7720a5920989c17c24e" },
    { url = "https://mirrors.cloud.tencent.com/pypi/packages/c0/e8/cc8c9a4ce71461f9ec548d38cadc41dc184b34c73e6455450775a9334ccd/psycopg2_binary-2.9.12-cp312-cp312-musllinux_1_2_riscv64.whl", hash = "sha256:3471336e1acfd9c7fe507b8bad5af9317b6a89294f9eb37bd9a030bb7bebcdc6" },
    { url = "https://mirrors.cloud.tencent.com/pypi/packages/19/6a/31e2296bc0787c5ab75d3d118e40b239db8151b5192b90b77c72bc9256e9/psycopg2_binary-2.9.12-cp312-cp312-musllinux_1_2_x86_64.whl", hash = "sha256:7af18183109e23502c8b2ae7f6926c0882766f35b5175a4cd737ad825e4d7a1b" },
    { url = "https://mirrors.cloud.tencent.com/pypi/packages/5f/a8/75f4e3e11203b590150abed2cf7794b9c9c9f7eceddae955191138b44dde/psycopg2_binary-2.9.12-cp312-cp312-win_amd64.whl", hash = "sha256:398fcd4db988c7d7d3713e2b8e18939776fd3fb447052daae4f24fa39daede4c" },
    { url = "https://mirrors.cloud.tencent.com/pypi/packages/91/bb/4608c96f970f6e0c56572e87027ef4404f709382a3503e9934526d7ba051/psycopg2_binary-2.9.12-cp313-cp313-macosx_10_13_x86_64.whl", hash = "sha256:7c729a73c7b1b84de3582f73cdd27d905121dc2c531f3d9a3c32a3011033b965" },
    { url = "https://mirrors.cloud.tencent.com/pypi/packages/5e/af/48f76af9d50d61cf390f8cd657b503168b089e2e9298e48465d029fcc713/psycopg2_binary-2.9.12-cp313-cp313-macosx_11_0_arm64.whl", hash = "sha256:4413d0caef93c5cf50b96863df4c2efe8c269bf2267df353225595e7e15e8df7" },
    { url = "https://mirrors.cloud.tencent.com/pypi/packages/7a/df/aba0f99397cd811d32e06fc0cc781f1f3ce98bc0e729cb423925085d781a/psycopg2_binary-2.9.12-cp313-cp313-manylinux2014_ppc64le.manylinux_2_17_ppc64le.whl", hash = "sha256:4dfcf8e45ebb0c663be34a3442f65e17311f3367089cd4e5e3a3e8e62c978777" },
    { url = "https://mirrors.cloud.tencent.com/pypi/packages/95/9c/eaa74021ac4e4d5c2f83d82fc6615a63f4fe6c94dc4e94c3990427053f67/psycopg2_binary-2.9.12-cp313-cp313-manylinux2014_x86_64.manylinux_2_17_x86_64.whl", hash = "sha256:c41321a14dd74aceb6a9a643b9253a334521babfa763fa873e33d89cfa122fb5" },
    { url = "https://mirrors.cloud.tencent.com/pypi/packages/35/ed/c25deff98bd26187ba48b3b250a3ffc3037c46c5b89362534a15d200e0db/psycopg2_binary-2.9.12-cp313-cp313-manylinux_2_27_aarch64.manylinux_2_28_aarch64.whl", hash = "sha256:83946ba43979ebfdc99a3cd0ee775c89f221df026984ba19d46133d8d75d3cd9" },
    { url = "https://mirrors.cloud.tencent.com/pypi/packages/9a/81/8d0e21ca77373c6c9589e5c4528f6e8f0c08c62cafc76fb0bddb7a2cee22/psycopg2_binary-2.9.12-cp313-cp313-manylinux_2_38_riscv64.manylinux_2_39_riscv64.whl", hash = "sha256:411e85815652d13560fbe731878daa5d92378c4995a22302071890ec3397d019" },
    { url = "https://mirrors.cloud.tencent.com/pypi/packages/00/fc/f481e2435bd8f742d0123309174aae4165160ad3ef17c1b99c3622c241d2/psycopg2_binary-2.9.12-cp313-cp313-musllinux_1_2_aarch64.whl", hash = "sha256:1c8ad4c08e00f7679559eaed7aff1edfffc60c086b976f93972f686384a95e2c" },
    { url = "https://mirrors.cloud.tencent.com/pypi/packages/53/79/b9f46466bdbe9f239c96cde8be33c1aace4842f06013b47b730dc9759187/psycopg2_binary-2.9.12-cp313-cp313-musllinux_1_2_ppc64le.whl", hash = "sha256:00814e40fa23c2b37ef0a1e3c749d89982c73a9cb5046137f0752a22d432e82f" },
    { url = "https://mirrors.cloud.tencent.com/pypi/packages/3f/19/7dc003b32fe35024df89b658104f7c8538a8b2dcbde7a4e746ce929742e7/psycopg2_binary-2.9.12-cp313-cp313-musllinux_1_2_riscv64.whl", hash = "sha256:98062447aebc20ed20add1f547a364fd0ef8933640d5372ff1873f8deb9b61be" },
    { url = "https://mirrors.cloud.tencent.com/pypi/packages/91/58/2dbd7db5c604d45f4950d988506aae672a14126ec22998ced5021cbb76bb/psycopg2_binary-2.9.12-cp313-cp313-musllinux_1_2_x86_64.whl", hash = "sha256:66a7685d7e548f10fb4ce32fb01a7b7f4aa702134de92a292c7bd9e0d3dbd290" },
    { url = "https://mirrors.cloud.tencent.com/pypi/packages/42/ee/dee8dcaad07f735824de3d6563bc67119fa6c28257b17977a8d624f02fab/psycopg2_binary-2.9.12-cp313-cp313-win_amd64.whl", hash = "sha256:b6937f5fe4e180aeee87de907a2fa982ded6f7f15d7218f78a083e4e1d68f2a0" },
    { url = "https://mirrors.cloud.tencent.com/pypi/packages/13/1b/708c0dca874acfad6d65314271859899a79007686f3a1f74e82a2ed4b645/psycopg2_binary-2.9.12-cp314-cp314-macosx_10_15_x86_64.whl", hash = "sha256:6f3b3de8a74ef8db215f22edffb19e32dc6fa41340456de7ec99efdc8a7b3ec2" },
    { url = "https://mirrors.cloud.tencent.com/pypi/packages/d6/39/ddbea9d4b4de6aca9431b6ed253f530f8a02d3b8f9bcfd0dbfe2b3de6fe4/psycopg2_binary-2.9.12-cp314-cp314-macosx_11_0_arm64.whl", hash = "sha256:1006fb62f0f0bc5ce256a832356c6262e91be43f5e4eb15b5eaf38079464caf2" },
    { url = "https://mirrors.cloud.tencent.com/pypi/packages/bf/a0/bc2fef74b106fa345567122a0659e6d94512ed7dc0131ec44c9e5aba3725/psycopg2_binary-2.9.12-cp314-cp314-manylinux2014_ppc64le.manylinux_2_17_ppc64le.whl", hash = "sha256:840066105706cd2eb29b9a1c2329620056582a4bf3e8169dec5c447042d0869f" },
    { url = "https://mirrors.cloud.tencent.com/pypi/packages/57/d7/d4e3b2005d3de607ca4fbb0e8742e248056e52184a6b94ebda3c1c2c329b/psycopg2_binary-2.9.12-cp314-cp314-manylinux2014_x86_64.manylinux_2_17_x86_64.whl", hash = "sha256:863f5d12241ebe1c76a72a04c2113b6dc905f90b9cef0e9be0efd994affd9354" },
    { url = "https://mirrors.cloud.tencent.com/pypi/packages/2e/42/c9853f8db3967fe08bcde11f53d53b85d351750cae726ce001cb68afa9c1/psycopg2_binary-2.9.12-cp314-cp314-manylinux_2_27_aarch64.manylinux_2_28_aarch64.whl", hash = "sha256:a99eaab34a9010f1a086b126de467466620a750634d114d20455f3a824aae033" },
    { url = "https://mirrors.cloud.tencent.com/pypi/packages/eb/fd/b82b5601a97630308bef079f545ffec481bbbc795c2ba5ec416a01d03f60/psycopg2_binary-2.9.12-cp314-cp314-manylinux_2_38_riscv64.manylinux_2_39_riscv64.whl", hash = "sha256:ffdd7dc5463ccd61845ac37b7012d0f35a1548df9febe14f8dd549be4a0bc81e" },
    { url = "https://mirrors.cloud.tencent.com/pypi/packages/62/8c/32ca69b0389ef25dd22937bf9e8fbe2ce27aea20b05ded48c4ce4cb42475/psycopg2_binary-2.9.12-cp314-cp314-musllinux_1_2_aarch64.whl", hash = "sha256:54a0dfecab1b48731f934e06139dfe11e24219fb6d0ceb32177cf0375f14c7b5" },
    { url = "https://mirrors.cloud.tencent.com/pypi/packages/c4/29/96992a2b59e3b9d730fcf9612d0a387305025dc867a9fc490a9e496e074e/psycopg2_binary-2.9.12-cp314-cp314-musllinux_1_2_ppc64le.whl", hash = "sha256:96937c9c5d891f772430f418a7a8b4691a90c3e6b93cf72b5bd7cad8cbca32a5" },
    { url = "https://mirrors.cloud.tencent.com/pypi/packages/56/ad/44b06659949b243ae10112cd3b20a197f9bf3e81d5651379b9eb889bfaad/psycopg2_binary-2.9.12-cp314-cp314-musllinux_1_2_riscv64.whl", hash = "sha256:77b348775efd4cdab410ec6609d81ccecd1139c90265fa583a7255c8064bc03d" },
    { url = "https://mirrors.cloud.tencent.com/pypi/packages/1d/f2/10a1bcebadb6aa55e280e1f58975c36a7b560ea525184c7aa4064c466633/psycopg2_binary-2.9.12-cp314-cp314-musllinux_1_2_x86_64.whl", hash = "sha256:527e6342b3e44c2f0544f6b8e927d60de7f163f5723b8f1dfa7d2a84298738cd" },
    { url = "https://mirrors.cloud.tencent.com/pypi/packages/20/be/b732c8418ffa5bcfda002890f5dc4c869fc17db66ff11f53b17cfe44afc0/psycopg2_binary-2.9.12-cp314-cp314-win_amd64.whl", hash = "sha256:f12ae41fcafadb39b2785e64a40f9db05d6de2ac114077457e0e7c597f3af980" },
]

[[package]]
name = "pygments"
version = "2.21.0"
source = { registry = "https://mirrors.cloud.tencent.com/pypi/simple" }
sdist = { url = "https://mirrors.cloud.tencent.com/pypi/packages/49/2e/ced460408999b33da6b31b0021b0f37d329e202d4169aeb164493778f25b/pygments-2.21.0.tar.gz", hash = "sha256:610ca751c9bc2492b38eb9a38a7fbc93edbbb2d7182edaf34e66ae493dee5c8c" }
wheels = [
    { url = "https://mirrors.cloud.tencent.com/pypi/packages/71/46/17f022dd3e953bf20a04a028a21ec746d942f8d2af30fa0f124fa0e6a684/pygments-2.21.0-py3-none-any.whl", hash = "sha256:2363c69b61c4a97c838da3b130dcd6468f4848992b21a82f2a63ec34377137d9" },
]

[[package]]
name = "pytest"
version = "9.1.1"
source = { registry = "https://mirrors.cloud.tencent.com/pypi/simple" }
dependencies = [
    { name = "colorama", marker = "sys_platform == 'win32'" },
    { name = "iniconfig" },
    { name = "packaging" },
    { name = "pluggy" },
    { name = "pygments" },
]
sdist = { url = "https://mirrors.cloud.tencent.com/pypi/packages/e4/47/b9efed96c114afcfa3c9d3fe98a76a1d14c74a9e266d397cf6eb64be5e01/pytest-9.1.1.tar.gz", hash = "sha256:1088fbde8f2b49d95a549a195707afa7a76a3ce9bcadc26b6d71f0ffda5fe313" }
wheels = [
    { url = "https://mirrors.cloud.tencent.com/pypi/packages/24/25/1de2678b631f5a49215c6c96fff41ba892b0a34df68d6d80292b1b48aa7f/pytest-9.1.1-py3-none-any.whl", hash = "sha256:37a86b45efb9a47a61a36449063e8e18d0cab3161329fc099eb21783169c4f0c" },
]

[[package]]
name = "ruff"
version = "0.16.5"
source = { registry = "https://mirrors.cloud.tencent.com/pypi/simple" }
sdist = { url = "https://mirrors.cloud.tencent.com/pypi/packages/f3/85/c8e12473c93018f92d19dd988a294202e1c27426c47ec4de53ffb847b8d8/ruff-0.16.5.tar.gz", hash = "sha256:1b88500f9ffbcab3dedb0082c9f9492e91ec3d618aac1236a3e0189938f7040b" }
wheels = [
    { url = "https://mirrors.cloud.tencent.com/pypi/packages/c6/b6/77c90a970fe2dae17a723acbd011043ea97c98d7deacccefdc4ba74ec512/ruff-0.16.5-py3-none-linux_armv6l.whl", hash = "sha256:12e5f673e774c35fbb62f288809c7653b73445f8ecec6b6063fd6ea3521aa14b" },
    { url = "https://mirrors.cloud.tencent.com/pypi/packages/4b/46/6cf67cf6411885a1d6f7f6d801682f155536a85176d10b605e2ceffed8bd/ruff-0.16.5-py3-none-macosx_10_12_x86_64.whl", hash = "sha256:eda58a5802de40e7ed5b32b64e0b32539338cc6fcd2c78f61e3ad6a0d79f51c3" },
    { url = "https://mirrors.cloud.tencent.com/pypi/packages/46/fd/c8720ca7a090abf0c2fef4abe8a5ef6e5127ed15196d8886ff75a2b370e2/ruff-0.16.5-py3-none-macosx_11_0_arm64.whl", hash = "sha256:c5ae9a7b9a8875131f40f8fe967cc86abf899779efd663cb7ce3d572d01da7eb" },
    { url = "https://mirrors.cloud.tencent.com/pypi/packages/43/45/a684caacdedaca180f52bacccc40bf0789d2c5a7c75f25324853e9eaedb5/ruff-0.16.5-py3-none-manylinux_2_17_aarch64.manylinux2014_aarch64.whl", hash = "sha256:7b719b0a1f4d59710d283ab2965f621684a108a9e41da622e3b23f0326cd0025" },
    { url = "https://mirrors.cloud.tencent.com/pypi/packages/9e/f2/5d2bcdaca6b5b93d1b4dfc166cd2aebf7680143a1b38a28759df13a94d31/ruff-0.16.5-py3-none-manylinux_2_17_armv7l.manylinux2014_armv7l.whl", hash = "sha256:2298f2780ed1be0c5cb1361e32ab7b1467f3cce7dabe101d2210a314f2fe42e9" },
    { url = "https://mirrors.cloud.tencent.com/pypi/packages/aa/ff/011cce29accf9257d5974145b733fc653a37985ed6825413a3987cefbfe0/ruff-0.16.5-py3-none-manylinux_2_17_i686.manylinux2014_i686.whl", hash = "sha256:258f29035a2dd021e7861e631b227a5b3f14e50c1184c9a6a122c5f4576154d7" },
    { url = "https://mirrors.cloud.tencent.com/pypi/packages/d7/5a/f0cf109bada9bba0e96c90c21c9f9251803f57225c32d293327a03c710d6/ruff-0.16.5-py3-none-manylinux_2_17_ppc64le.manylinux2014_ppc64le.whl", hash = "sha256:b9a4f0432966834019c74d1b7e5c51224305d7713f3d7faf3e7451f1a3be3cde" },
    { url = "https://mirrors.cloud.tencent.com/pypi/packages/63/4d/1d481aaea2046c6a7ed7c291f9004c669cce3c087b6b376ed5b08271e3fe/ruff-0.16.5-py3-none-manylinux_2_17_s390x.manylinux2014_s390x.whl", hash = "sha256:b5eb3a8c3d0ade9cea42b591fd530368e8798380e30e0a308b85a5cf718f09ea" },
    { url = "https://mirrors.cloud.tencent.com/pypi/packages/ee/34/ee245ca55f64443233034b3d02b03236b19242004281247c079390b7facd/ruff-0.16.5-py3-none-manylinux_2_17_x86_64.manylinux2014_x86_64.whl", hash = "sha256:ef0f69e191a13a3c9816f63163c88790cb12cd157bbbb384e9c44745702ab105" },
    { url = "https://mirrors.cloud.tencent.com/pypi/packages/a7/4d/c33a333e341c0a2b96c715b52d89a606f5a34cd4ac493cd9b8d0187186b8/ruff-0.16.5-py3-none-manylinux_2_31_riscv64.whl", hash = "sha256:0eeab41fbea2c42f98dfb9822cdccda9d24ba38d49f6dc945b5c236d48f0ef29" },
    { url = "https://mirrors.cloud.tencent.com/pypi/packages/30/e1/a64cef78b40192497bb98a27a8aa8f2c98ee9ee15bc97f7712d94ef32937/ruff-0.16.5-py3-none-musllinux_1_2_aarch64.whl", hash = "sha256:f0768e9df4300713fff30733c87575f68b6f1d8de41184e505b7fdd9c0c95eaf" },
    { url = "https://mirrors.cloud.tencent.com/pypi/packages/cc/4e/4cdc9ed3c3e109d2f71e62572a37457298d7bc7501ec3138babb7ed32bbd/ruff-0.16.5-py3-none-musllinux_1_2_armv7l.whl", hash = "sha256:95cc70cdc7aa80c338de356279d2adbeb2de0f520b9ecd8aba75b94e95e02f91" },
    { url = "https://mirrors.cloud.tencent.com/pypi/packages/39/4a/31ed35ce31729955fc583ee0d176d6e784c1290cb0b0a75cb2134c1ab72a/ruff-0.16.5-py3-none-musllinux_1_2_i686.whl", hash = "sha256:d185c8398ded1bfd91c0c2cb258346307571eccc473a8490af8c3977399c384a" },
    { url = "https://mirrors.cloud.tencent.com/pypi/packages/a8/a0/60356d86687b4b666d593df213f4dc3041750d024cb7bf2cfa81cfd65c2e/ruff-0.16.5-py3-none-musllinux_1_2_x86_64.whl", hash = "sha256:fb8e3a3c4c6a784150a7ced53b015f4b253fc2bf97a610886419ead64b4756ef" },
    { url = "https://mirrors.cloud.tencent.com/pypi/packages/ed/20/656d67f5b25ca9bda4e02b1de25867b2954e1d19e03648060f167ad0f4cc/ruff-0.16.5-py3-none-win32.whl", hash = "sha256:288b0a5f080492fe5635db849f9e2e84aa3cce7b7f0e955997d416c507c76a26" },
    { url = "https://mirrors.cloud.tencent.com/pypi/packages/5b/42/ee8e68a207b9127fcde6c3d7e197def432f346cb1af159e1fa14ca0d1cdc/ruff-0.16.5-py3-none-win_amd64.whl", hash = "sha256:ddc6385fb2137f616357ca03d6c74f4be987f80fed4008566b754f6032b8546f" },
    { url = "https://mirrors.cloud.tencent.com/pypi/packages/73/e3/7df5a396e445b9ba49ce9a9437439a4d80042c61c0ade199abf8d16de1ac/ruff-0.16.5-py3-none-win_arm64.whl", hash = "sha256:a64abe90968719b851bb7cedffaa8753fbdbdadab483089682db623f3edc587e" },
]

[[package]]
name = "smmap"
version = "5.0.3"
source = { registry = "https://mirrors.cloud.tencent.com/pypi/simple" }
sdist = { url = "https://mirrors.cloud.tencent.com/pypi/packages/1f/ea/49c993d6dfdd7338c9b1000a0f36817ed7ec84577ae2e52f890d1a4ff909/smmap-5.0.3.tar.gz", hash = "sha256:4d9debb8b99007ae47165abc08670bd74cb74b5227dda7f643eccc4e9eb5642c" }
wheels = [
    { url = "https://mirrors.cloud.tencent.com/pypi/packages/c1/d4/59e74daffcb57a07668852eeeb6035af9f32cbfd7a1d2511f17d2fe6a738/smmap-5.0.3-py3-none-any.whl", hash = "sha256:c106e05d5a61449cf6ba9a1e650227ecfb141590d2a98412103ff35d89fc7b2f" },
]

[[package]]
name = "sqlparse"
version = "0.6.0"
source = { registry = "https://mirrors.cloud.tencent.com/pypi/simple" }
sdist = { url = "https://mirrors.cloud.tencent.com/pypi/packages/5f/d3/3f06a1006f2261d1342aefb3c71eed02f5d4ca5bdbecd86ebc12ad38306e/sqlparse-0.6.0.tar.gz", hash = "sha256:113c35c75365ab9cc9c7231d68c6428fb11c085fc8e9eb1ad659b7ddbf6cd2b9" }
wheels = [
    { url = "https://mirrors.cloud.tencent.com/pypi/packages/d9/50/f00935da0ec7cbf325f8dc4f772ae46fbc7b672dd62876e73f0a94adda57/sqlparse-0.6.0-py3-none-any.whl", hash = "sha256:b861c0288ce2fa56209a9a6412d2e066ac664b3873b89c26c9d8415e8e32996f" },
]

[[package]]
name = "ttp"
version = "0.10.1"
source = { registry = "https://mirrors.cloud.tencent.com/pypi/simple" }
sdist = { url = "https://mirrors.cloud.tencent.com/pypi/packages/37/b6/bc65b4535792a111029e12d36e232f7f234e5b192ad7d894f37f159ae6e5/ttp-0.10.1.tar.gz", hash = "sha256:9c928aeb1f2dade05419c7ecc756d62cb45857deb5cc6b1b9f2058e70f25ae59" }
wheels = [
    { url = "https://mirrors.cloud.tencent.com/pypi/packages/72/36/4f50c2a40da37704a874170cacf823545d5e75200b59af05d81f4e4e2066/ttp-0.10.1-py3-none-any.whl", hash = "sha256:2c8bc871f7740b690c6df6fb8c9633be58fcda123eea3e53be40a79e4af54b83" },
]

[[package]]
name = "types-pyyaml"
version = "6.0.12.20260815"
source = { registry = "https://mirrors.cloud.tencent.com/pypi/simple" }
sdist = { url = "https://mirrors.cloud.tencent.com/pypi/packages/9f/72/b56089aeee6c496d969bac42376bedb6e3eeab4682e1018fa3137122f94b/types_pyyaml-6.0.12.20260815.tar.gz", hash = "sha256:28764110c9cf35846e733da32d8d734df7473c5dde9ef67c3b7332ec0e819858" }
wheels = [
    { url = "https://mirrors.cloud.tencent.com/pypi/packages/08/52/eefeba09be4ef2a1eb989eb92934561e8e502a6ee3c32654996e4be7e399/types_pyyaml-6.0.12.20260815-py3-none-any.whl", hash = "sha256:6f332212b7e191f3afd5016a713c510b6340593b7ebec573c7d5d20aa5386d3b" },
]

[[package]]
name = "typing-extensions"
version = "4.16.0"
source = { registry = "https://mirrors.cloud.tencent.com/pypi/simple" }
sdist = { url = "https://mirrors.cloud.tencent.com/pypi/packages/f6/cc/6253133b5bb138fc3306cebfbda2c520f545d36b5be2c7255cc528bb45d6/typing_extensions-4.16.0.tar.gz", hash = "sha256:dc983d19a509c94dba722ee6abd33940f7c05a89e243c47e907eb4db6f1a43e5" }
wheels = [
    { url = "https://mirrors.cloud.tencent.com/pypi/packages/49/d3/b8441a820a491ddfc024b0b0cf0393375b75ea13866d9c66727e54c2fc80/typing_extensions-4.16.0-py3-none-any.whl", hash = "sha256:481caa481374e813c1b176ada14e97f1f67a4539ce9cfeb3f350d78d6370c2e8" },
]

[[package]]
name = "tzdata"
version = "2026.3"
source = { registry = "https://mirrors.cloud.tencent.com/pypi/simple" }
sdist = { url = "https://mirrors.cloud.tencent.com/pypi/packages/92/ff/5a28bdfd8c3ebec42564ac7d0e54ca3db65044a9314a97f9564fa7a1e926/tzdata-2026.3.tar.gz", hash = "sha256:4a1518b8993086a7982523e071643f3c0e5f213e75b21318e78bcabfff9d1415" }
wheels = [
    { url = "https://mirrors.cloud.tencent.com/pypi/packages/e5/6d/b53b99a9f2766d095985947a5782f1702cabb129a34f7a802d7197af832f/tzdata-2026.3-py2.py3-none-any.whl", hash = "sha256:dc096730c87af6cab1b171c9d532be840741ff5d459015e7f6947bd7d7e54931" },
]
